
Microsoft Visual Studio Solution File, Format Version 12.00
# Visual Studio Version 17
VisualStudioVersion = 17.8.34309.116
MinimumVisualStudioVersion = 10.0.40219.1
Project("{FAE04EC0-301F-11D3-BF4B-00C04F79EFBC}") = "PitchMatch", "PitchMatch\PitchMatch.csproj", "{209CCA1A-005A-47B9-9CA7-CF84A3377606}"
EndProject
Global
	GlobalSection(SolutionConfigurationPlatforms) = preSolution
		Debug|Any CPU = Debug|Any CPU
		Release|Any CPU = Release|Any CPU
	EndGlobalSection
	GlobalSection(ProjectConfigurationPlatforms) = postSolution
		{209CCA1A-005A-47B9-9CA7-CF84A3377606}.Debug|Any CPU.ActiveCfg = Debug|Any CPU
		{209CCA1A-005A-47B9-9CA7-CF84A3377606}.Debug|Any CPU.Build.0 = Debug|Any CPU
		{209CCA1A-005A-47B9-9CA7-CF84A3377606}.Release|Any CPU.ActiveCfg = Release|Any CPU
		{209CCA1A-005A-47B9-9CA7-CF84A3377606}.Release|Any CPU.Build.0 = Release|Any CPU
	EndGlobalSection
	GlobalSection(SolutionProperties) = preSolution
		HideSolutionNode = FALSE
	EndGlobalSection
	GlobalSection(ExtensibilityGlobals) = postSolution
		SolutionGuid = {7E602FD2-6314-4643-9FA5-50BB569CC83E}
	EndGlobalSection
EndGlobal
